
Microsoft Visual Studio Solution File, Format Version 12.00
# Visual Studio Version 17
VisualStudioVersion = 17.9.34622.214
MinimumVisualStudioVersion = 10.0.40219.1
Project("{FAE04EC0-301F-11D3-BF4B-00C04F79EFBC}") = "Calculadora de Combustible", "Calculadora de Combustible.csproj", "{F7B6DC5A-589A-4EF2-AB2A-1582A9CDAA2B}"
EndProject
Global
	GlobalSection(SolutionConfigurationPlatforms) = preSolution
		Debug|Any CPU = Debug|Any CPU
		Release|Any CPU = Release|Any CPU
	EndGlobalSection
	GlobalSection(ProjectConfigurationPlatforms) = postSolution
		{F7B6DC5A-589A-4EF2-AB2A-1582A9CDAA2B}.Debug|Any CPU.ActiveCfg = Debug|Any CPU
		{F7B6DC5A-589A-4EF2-AB2A-1582A9CDAA2B}.Debug|Any CPU.Build.0 = Debug|Any CPU
		{F7B6DC5A-589A-4EF2-AB2A-1582A9CDAA2B}.Release|Any CPU.ActiveCfg = Release|Any CPU
		{F7B6DC5A-589A-4EF2-AB2A-1582A9CDAA2B}.Release|Any CPU.Build.0 = Release|Any CPU
	EndGlobalSection
	GlobalSection(SolutionProperties) = preSolution
		HideSolutionNode = FALSE
	EndGlobalSection
	GlobalSection(ExtensibilityGlobals) = postSolution
		SolutionGuid = {0BCA7937-8309-4C68-8E1F-AF84EB0EAA55}
	EndGlobalSection
EndGlobal
