
Microsoft Visual Studio Solution File, Format Version 12.00
# Visual Studio Version 17
VisualStudioVersion = 17.9.34622.214
MinimumVisualStudioVersion = 10.0.40219.1
Project("{FAE04EC0-301F-11D3-BF4B-00C04F79EFBC}") = "CalculadoraViajes", "CalculadoraViajes.csproj", "{1B69AA6E-99A9-40B7-9057-E616C35DE6B2}"
EndProject
Global
	GlobalSection(SolutionConfigurationPlatforms) = preSolution
		Debug|Any CPU = Debug|Any CPU
		Release|Any CPU = Release|Any CPU
	EndGlobalSection
	GlobalSection(ProjectConfigurationPlatforms) = postSolution
		{1B69AA6E-99A9-40B7-9057-E616C35DE6B2}.Debug|Any CPU.ActiveCfg = Debug|Any CPU
		{1B69AA6E-99A9-40B7-9057-E616C35DE6B2}.Debug|Any CPU.Build.0 = Debug|Any CPU
		{1B69AA6E-99A9-40B7-9057-E616C35DE6B2}.Release|Any CPU.ActiveCfg = Release|Any CPU
		{1B69AA6E-99A9-40B7-9057-E616C35DE6B2}.Release|Any CPU.Build.0 = Release|Any CPU
	EndGlobalSection
	GlobalSection(SolutionProperties) = preSolution
		HideSolutionNode = FALSE
	EndGlobalSection
	GlobalSection(ExtensibilityGlobals) = postSolution
		SolutionGuid = {3A95E9AF-75B6-4F85-B061-2E8E47451947}
	EndGlobalSection
EndGlobal
